
Microsoft Visual Studio Solution File, Format Version 12.00
# Visual Studio Version 16
VisualStudioVersion = 16.0.29306.81
MinimumVisualStudioVersion = 10.0.40219.1
Project("{FAE04EC0-301F-11D3-BF4B-00C04F79EFBC}") = "ZarOyunu37", "ZarOyunu37\ZarOyunu37.csproj", "{D6AE9F84-B883-4F66-8F24-599141FC6FAD}"
EndProject
Global
	GlobalSection(SolutionConfigurationPlatforms) = preSolution
		Debug|Any CPU = Debug|Any CPU
		Release|Any CPU = Release|Any CPU
	EndGlobalSection
	GlobalSection(ProjectConfigurationPlatforms) = postSolution
		{D6AE9F84-B883-4F66-8F24-599141FC6FAD}.Debug|Any CPU.ActiveCfg = Debug|Any CPU
		{D6AE9F84-B883-4F66-8F24-599141FC6FAD}.Debug|Any CPU.Build.0 = Debug|Any CPU
		{D6AE9F84-B883-4F66-8F24-599141FC6FAD}.Release|Any CPU.ActiveCfg = Release|Any CPU
		{D6AE9F84-B883-4F66-8F24-599141FC6FAD}.Release|Any CPU.Build.0 = Release|Any CPU
	EndGlobalSection
	GlobalSection(SolutionProperties) = preSolution
		HideSolutionNode = FALSE
	EndGlobalSection
	GlobalSection(ExtensibilityGlobals) = postSolution
		SolutionGuid = {8F956864-CDFA-4C48-B998-279BBA904D30}
	EndGlobalSection
EndGlobal
